version = 1
revision = 1
requires-python = ">=3.12"

[[package]]
name = "cs-language-detect"
version = "0.1.0"
source = { virtual = "." }
dependencies = [
    { name = "lingua-slim" },
    { name = "opencc-python-reimplemented" },
]

[package.metadata]
requires-dist = [
    { name = "lingua-slim", specifier = ">=2.4.0" },
    { name = "opencc-python-reimplemented", specifier = ">=0.1.7" },
]

[[package]]
name = "lingua-slim"
version = "2.4.0"
source = { registry = "https://pypi.tuna.tsinghua.edu.cn/simple" }
wheels = [
    { url = "https://pypi.tuna.tsinghua.edu.cn/packages/b9/53/bcd0f1d0805796f9591077eecce86ac552862d5c1313a3ee9f48cb4fd524/lingua_slim-2.4.0-cp312-cp312-manylinux_2_34_x86_64.whl", hash = "sha256:16c3d3b2d79099c98e38303a0f791701d2c38dcc14138700ab819e7d5d871a44", size = 14959846 },
    { url = "https://pypi.tuna.tsinghua.edu.cn/packages/46/10/b34868bb6e0e33e74b1dfb36dd4baf385beec160c319f1880b6ff98bcb67/lingua_slim-2.4.0-cp313-cp313-manylinux_2_34_x86_64.whl", hash = "sha256:7026e1e383ca548ef985a9c0acd80abc118ae46a5484ba714f05edacff70acbe", size = 14959257 },
]

[[package]]
name = "opencc-python-reimplemented"
version = "0.1.7"
source = { registry = "https://pypi.tuna.tsinghua.edu.cn/simple" }
sdist = { url = "https://pypi.tuna.tsinghua.edu.cn/packages/8d/6d/c6f37eed651dd6b752e50f80a93396cdaa42a6acc6ce05ad7452303ea511/opencc-python-reimplemented-0.1.7.tar.gz", hash = "sha256:4f777ea3461a25257a7b876112cfa90bb6acabc6dfb843bf4d11266e43579dee", size = 482566 }
wheels = [
    { url = "https://pypi.tuna.tsinghua.edu.cn/packages/30/6b/055b7806f320cc8f2cdf23c5f70221c0dc1683fca9ffaf76dfc2ad4b91b6/opencc_python_reimplemented-0.1.7-py2.py3-none-any.whl", hash = "sha256:41b3b92943c7bed291f448e9c7fad4b577c8c2eae30fcfe5a74edf8818493aa6", size = 481813 },
]
