version = 1
revision = 1
requires-python = ">=3.13"

[[package]]
name = "cs-language-detect"
version = "0.1.0"
source = { virtual = "." }
dependencies = [
    { name = "lingua-language-detector" },
]

[package.metadata]
requires-dist = [{ name = "lingua-language-detector", specifier = ">=2.2.0" }]

[[package]]
name = "lingua-language-detector"
version = "2.2.0"
source = { registry = "https://pypi.tuna.tsinghua.edu.cn/simple" }
wheels = [
    { url = "https://pypi.tuna.tsinghua.edu.cn/packages/0c/d3/b4647a233d4d8ef411519c7259c5b607b20568cb993d976319ae3f260eea/lingua_language_detector-2.2.0-cp313-cp313-macosx_10_12_x86_64.whl", hash = "sha256:d52dc5a54bb245b1d9df54620810e7b72a247f8ca4276659a9893fe415faff37", size = 170204448 },
    { url = "https://pypi.tuna.tsinghua.edu.cn/packages/6e/cd/248053f61de66faa866bb4eb7190af1c2e67fa363f8193444a5aee5c1706/lingua_language_detector-2.2.0-cp313-cp313-macosx_11_0_arm64.whl", hash = "sha256:0bb20bfe60b64012cd71f85bfdf5c79fc2e916590a9f69c3a9b01a44fbfd2244", size = 172495363 },
    { url = "https://pypi.tuna.tsinghua.edu.cn/packages/25/88/ad5e9b8b21f4c5eeecd5d08539bf6ec869df87a491d779b8756501db6a71/lingua_language_detector-2.2.0-cp313-cp313-manylinux_2_17_aarch64.manylinux2014_aarch64.whl", hash = "sha256:4ed86c6e803a585853298623d9ee683bd08bcd15c2543c045ef059a090823fc8", size = 170326018 },
    { url = "https://pypi.tuna.tsinghua.edu.cn/packages/53/a5/b93c76728294e4eaf01f442fa7e9da913963d638915ce0aafd0220bc9902/lingua_language_detector-2.2.0-cp313-cp313-manylinux_2_17_x86_64.manylinux2014_x86_64.whl", hash = "sha256:4fbf936b47ef4fdd7043ebb4159d4a5f1c3648028e19d6e3c60464abc5f5e195", size = 170332278 },
    { url = "https://pypi.tuna.tsinghua.edu.cn/packages/21/90/7f0f4c131cd0686c0f77157545b599b5023b00fa44ffb4a1c24a4c861cb3/lingua_language_detector-2.2.0-cp313-cp313-musllinux_1_2_aarch64.whl", hash = "sha256:126899985870ada7f9630fb984a0763741bb7fde42adfc077e6f415e49e407b5", size = 170500970 },
    { url = "https://pypi.tuna.tsinghua.edu.cn/packages/f4/71/24d9d151ccf35cd001d8570d22dc1d305e632eee7ff1252764be8fb081f3/lingua_language_detector-2.2.0-cp313-cp313-musllinux_1_2_x86_64.whl", hash = "sha256:c0961ec8f616897f5e91c7c3a5422d2d3aa48493954f2c425f2fca522a253916", size = 170585841 },
    { url = "https://pypi.tuna.tsinghua.edu.cn/packages/35/a6/e087ba2c47eb86899020915fb6bf47b0f956eda9c61cabc742bc832c1b3c/lingua_language_detector-2.2.0-cp313-cp313-win_amd64.whl", hash = "sha256:250517a581cfa098a451299aa913e9756aee9f738b0b248259fc634eeffeb2cf", size = 170065737 },
    { url = "https://pypi.tuna.tsinghua.edu.cn/packages/81/e7/4ed636d7d7e4605ce170ce70a566b45f70eed79ec9cdb5c9bc821892c1cd/lingua_language_detector-2.2.0-cp313-cp313-win_arm64.whl", hash = "sha256:9fc04412287d254982612dafe2dae2073e1feeedffbee8d4ddff4b961218cb69", size = 169977074 },
    { url = "https://pypi.tuna.tsinghua.edu.cn/packages/0e/53/a7f52e45e7a71c3a749cc77fbc414c8948108ff406c9059197fdc77779e8/lingua_language_detector-2.2.0-cp314-cp314-macosx_10_12_x86_64.whl", hash = "sha256:4cac0e0721425342e1b10cbddfb009a7fdc75e0a79cfd0451bffc29bee0574c1", size = 170208820 },
    { url = "https://pypi.tuna.tsinghua.edu.cn/packages/28/0b/3dd8a1eba4ac0da9987542849bae25344bb107e5b4a153ebe09e0c8feba3/lingua_language_detector-2.2.0-cp314-cp314-macosx_11_0_arm64.whl", hash = "sha256:066b56ca4e3bd324b4c76a861ab2b747d2d8d4e6eda0a4cf06291c6c039b90f4", size = 172494828 },
    { url = "https://pypi.tuna.tsinghua.edu.cn/packages/a6/89/7367d0f7d3b5bcc89f47e223580ec57032dfc642f27cd2a0d06f40bda147/lingua_language_detector-2.2.0-cp314-cp314-manylinux_2_17_aarch64.manylinux2014_aarch64.whl", hash = "sha256:b883aa34f03cd5cde7ee606bd2c18496f15b6cbd775be0dfd38311d47d6cf551", size = 170323577 },
    { url = "https://pypi.tuna.tsinghua.edu.cn/packages/58/0f/6dcd9de6f5257ea736693ea92b354dac0073466a1ed32ef1f9873cc4cafe/lingua_language_detector-2.2.0-cp314-cp314-manylinux_2_17_x86_64.manylinux2014_x86_64.whl", hash = "sha256:83badc377b0d07f349753ec3d35cf1ad74afb3ad0dce3ee672240d437705872b", size = 170331791 },
    { url = "https://pypi.tuna.tsinghua.edu.cn/packages/28/42/efb8119a778f0b8df175f5f79a04a21b019c7b38058042866519953c5be1/lingua_language_detector-2.2.0-cp314-cp314-musllinux_1_2_aarch64.whl", hash = "sha256:b7ef23811c8ceacbc10a08dd2f56d71590e7ca6c50e19dfd11a1e142d101199d", size = 170499780 },
    { url = "https://pypi.tuna.tsinghua.edu.cn/packages/7f/89/69ea8b9de230b322ce8b60e9b95463cc4cbeed73476abd9214ab699ade73/lingua_language_detector-2.2.0-cp314-cp314-musllinux_1_2_x86_64.whl", hash = "sha256:145a11d7b7f0c8bf666de411585f53011d530c541a2cd55c2f86b3cff499f77e", size = 170584476 },
    { url = "https://pypi.tuna.tsinghua.edu.cn/packages/5f/c1/2e55c62abc6653383917f9d008090820182d32b8e1f19213af1c06e16411/lingua_language_detector-2.2.0-cp314-cp314-win_amd64.whl", hash = "sha256:3423749db1861937443141e1871a726b8d70dc6e7fe4f6584c477eef5b87fc38", size = 170064682 },
    { url = "https://pypi.tuna.tsinghua.edu.cn/packages/44/5e/f73a74fb19c189c4070d66e9b15f1e4a032bf5e5203fb6bb6c622e16f9c0/lingua_language_detector-2.2.0-cp314-cp314-win_arm64.whl", hash = "sha256:0ec27bc67813372baba2e0a3df2b13cd559c64bc45c5af92f6137fe5b153a525", size = 169980726 },
]
